
Microsoft Visual Studio Solution File, Format Version 12.00
# Visual Studio 15
VisualStudioVersion = 15.0.28307.421
MinimumVisualStudioVersion = 10.0.40219.1
Project("{FAE04EC0-301F-11D3-BF4B-00C04F79EFBC}") = "EjercicioWhile01", "EjercicioWhile01\EjercicioWhile01.csproj", "{621472A1-7633-4E20-9936-B079C22E7D9E}"
EndProject
Project("{FAE04EC0-301F-11D3-BF4B-00C04F79EFBC}") = "EjercicioWhile02", "EjercicioWhile02\EjercicioWhile02.csproj", "{5A74F394-B18F-48BB-AF21-062E26A50BA6}"
EndProject
Project("{FAE04EC0-301F-11D3-BF4B-00C04F79EFBC}") = "EjercicioWhile03", "EjercicioWhile03\EjercicioWhile03.csproj", "{A288A4E1-F240-43C7-BFE8-207CF62D96F4}"
EndProject
Project("{FAE04EC0-301F-11D3-BF4B-00C04F79EFBC}") = "EjercicioWhile04", "EjercicioWhile04\EjercicioWhile04.csproj", "{775C33D9-41EC-4AD7-B905-BA1816FCFE72}"
EndProject
Project("{FAE04EC0-301F-11D3-BF4B-00C04F79EFBC}") = "EjercicioFor01", "EjercicioFor01\EjercicioFor01.csproj", "{1E9231EC-DE28-4BC0-9BE4-E989B16D52AD}"
EndProject
Project("{FAE04EC0-301F-11D3-BF4B-00C04F79EFBC}") = "EjercicioFor02", "EjercicioFor02\EjercicioFor02.csproj", "{A6FFF049-1327-45C9-9176-189260F88D66}"
EndProject
Project("{FAE04EC0-301F-11D3-BF4B-00C04F79EFBC}") = "EjercicioFor03", "EjercicioFor03\EjercicioFor03.csproj", "{47AE155F-F988-4EFD-964B-1A90775F4E1D}"
EndProject
Project("{FAE04EC0-301F-11D3-BF4B-00C04F79EFBC}") = "EjercicioFor04", "EjercicioFor04\EjercicioFor04.csproj", "{E91BBF55-AF4A-4429-A804-2C42E5CFC14F}"
EndProject
Project("{FAE04EC0-301F-11D3-BF4B-00C04F79EFBC}") = "7.-For_PromedioNotas", "7.-For_PromedioNotas\7.-For_PromedioNotas.csproj", "{BE627D82-716B-4F64-BB5F-F5E62950AC37}"
EndProject
Global
	GlobalSection(SolutionConfigurationPlatforms) = preSolution
		Debug|Any CPU = Debug|Any CPU
		Release|Any CPU = Release|Any CPU
	EndGlobalSection
	GlobalSection(ProjectConfigurationPlatforms) = postSolution
		{621472A1-7633-4E20-9936-B079C22E7D9E}.Debug|Any CPU.ActiveCfg = Debug|Any CPU
		{621472A1-7633-4E20-9936-B079C22E7D9E}.Debug|Any CPU.Build.0 = Debug|Any CPU
		{621472A1-7633-4E20-9936-B079C22E7D9E}.Release|Any CPU.ActiveCfg = Release|Any CPU
		{621472A1-7633-4E20-9936-B079C22E7D9E}.Release|Any CPU.Build.0 = Release|Any CPU
		{5A74F394-B18F-48BB-AF21-062E26A50BA6}.Debug|Any CPU.ActiveCfg = Debug|Any CPU
		{5A74F394-B18F-48BB-AF21-062E26A50BA6}.Debug|Any CPU.Build.0 = Debug|Any CPU
		{5A74F394-B18F-48BB-AF21-062E26A50BA6}.Release|Any CPU.ActiveCfg = Release|Any CPU
		{5A74F394-B18F-48BB-AF21-062E26A50BA6}.Release|Any CPU.Build.0 = Release|Any CPU
		{A288A4E1-F240-43C7-BFE8-207CF62D96F4}.Debug|Any CPU.ActiveCfg = Debug|Any CPU
		{A288A4E1-F240-43C7-BFE8-207CF62D96F4}.Debug|Any CPU.Build.0 = Debug|Any CPU
		{A288A4E1-F240-43C7-BFE8-207CF62D96F4}.Release|Any CPU.ActiveCfg = Release|Any CPU
		{A288A4E1-F240-43C7-BFE8-207CF62D96F4}.Release|Any CPU.Build.0 = Release|Any CPU
		{775C33D9-41EC-4AD7-B905-BA1816FCFE72}.Debug|Any CPU.ActiveCfg = Debug|Any CPU
		{775C33D9-41EC-4AD7-B905-BA1816FCFE72}.Debug|Any CPU.Build.0 = Debug|Any CPU
		{775C33D9-41EC-4AD7-B905-BA1816FCFE72}.Release|Any CPU.ActiveCfg = Release|Any CPU
		{775C33D9-41EC-4AD7-B905-BA1816FCFE72}.Release|Any CPU.Build.0 = Release|Any CPU
		{1E9231EC-DE28-4BC0-9BE4-E989B16D52AD}.Debug|Any CPU.ActiveCfg = Debug|Any CPU
		{1E9231EC-DE28-4BC0-9BE4-E989B16D52AD}.Debug|Any CPU.Build.0 = Debug|Any CPU
		{1E9231EC-DE28-4BC0-9BE4-E989B16D52AD}.Release|Any CPU.ActiveCfg = Release|Any CPU
		{1E9231EC-DE28-4BC0-9BE4-E989B16D52AD}.Release|Any CPU.Build.0 = Release|Any CPU
		{A6FFF049-1327-45C9-9176-189260F88D66}.Debug|Any CPU.ActiveCfg = Debug|Any CPU
		{A6FFF049-1327-45C9-9176-189260F88D66}.Debug|Any CPU.Build.0 = Debug|Any CPU
		{A6FFF049-1327-45C9-9176-189260F88D66}.Release|Any CPU.ActiveCfg = Release|Any CPU
		{A6FFF049-1327-45C9-9176-189260F88D66}.Release|Any CPU.Build.0 = Release|Any CPU
		{47AE155F-F988-4EFD-964B-1A90775F4E1D}.Debug|Any CPU.ActiveCfg = Debug|Any CPU
		{47AE155F-F988-4EFD-964B-1A90775F4E1D}.Debug|Any CPU.Build.0 = Debug|Any CPU
		{47AE155F-F988-4EFD-964B-1A90775F4E1D}.Release|Any CPU.ActiveCfg = Release|Any CPU
		{47AE155F-F988-4EFD-964B-1A90775F4E1D}.Release|Any CPU.Build.0 = Release|Any CPU
		{E91BBF55-AF4A-4429-A804-2C42E5CFC14F}.Debug|Any CPU.ActiveCfg = Debug|Any CPU
		{E91BBF55-AF4A-4429-A804-2C42E5CFC14F}.Debug|Any CPU.Build.0 = Debug|Any CPU
		{E91BBF55-AF4A-4429-A804-2C42E5CFC14F}.Release|Any CPU.ActiveCfg = Release|Any CPU
		{E91BBF55-AF4A-4429-A804-2C42E5CFC14F}.Release|Any CPU.Build.0 = Release|Any CPU
		{BE627D82-716B-4F64-BB5F-F5E62950AC37}.Debug|Any CPU.ActiveCfg = Debug|Any CPU
		{BE627D82-716B-4F64-BB5F-F5E62950AC37}.Debug|Any CPU.Build.0 = Debug|Any CPU
		{BE627D82-716B-4F64-BB5F-F5E62950AC37}.Release|Any CPU.ActiveCfg = Release|Any CPU
		{BE627D82-716B-4F64-BB5F-F5E62950AC37}.Release|Any CPU.Build.0 = Release|Any CPU
	EndGlobalSection
	GlobalSection(SolutionProperties) = preSolution
		HideSolutionNode = FALSE
	EndGlobalSection
	GlobalSection(ExtensibilityGlobals) = postSolution
		SolutionGuid = {0CA5E01F-A8AF-4B80-ADDE-0708A290BB2E}
	EndGlobalSection
EndGlobal
